
Microsoft Visual Studio Solution File, Format Version 12.00
# Visual Studio 15
VisualStudioVersion = 15.0.27130.2036
MinimumVisualStudioVersion = 10.0.40219.1
Project("{FAE04EC0-301F-11D3-BF4B-00C04F79EFBC}") = "MVVMTestApp.Android", "MVVMTestApp\MVVMTestApp.Android\MVVMTestApp.Android.csproj", "{A99BEEBD-33D4-4EAC-B072-E37E4E8DB68E}"
EndProject
Project("{FAE04EC0-301F-11D3-BF4B-00C04F79EFBC}") = "MVVMTestApp.iOS", "MVVMTestApp\MVVMTestApp.iOS\MVVMTestApp.iOS.csproj", "{97F3E4BB-0E13-4170-A92D-D42F877D764B}"
EndProject
Project("{D954291E-2A0B-460D-934E-DC6B0785DB48}") = "MVVMTestApp", "MVVMTestApp\MVVMTestApp\MVVMTestApp.shproj", "{ABEB42CF-94D7-4F73-BE4E-5A3AE43FA537}"
EndProject
Project("{FAE04EC0-301F-11D3-BF4B-00C04F79EFBC}") = "MVVMTestApp.Server", "MVVMTestApp.Server\MVVMTestApp.Server.csproj", "{BEA6A555-DBA8-4947-BDBF-89210387DEEF}"
EndProject
Project("{2150E333-8FDC-42A3-9474-1A3956D46DE8}") = "Solution Items", "Solution Items", "{BE20901C-643F-49DA-813A-328B06129B6B}"
	ProjectSection(SolutionItems) = preProject
		Ref.txt = Ref.txt
	EndProjectSection
EndProject
Global
	GlobalSection(SharedMSBuildProjectFiles) = preSolution
		MVVMTestApp\MVVMTestApp\MVVMTestApp.projitems*{97f3e4bb-0e13-4170-a92d-d42f877d764b}*SharedItemsImports = 4
		MVVMTestApp\MVVMTestApp\MVVMTestApp.projitems*{a99beebd-33d4-4eac-b072-e37e4e8db68e}*SharedItemsImports = 4
		MVVMTestApp\MVVMTestApp\MVVMTestApp.projitems*{abeb42cf-94d7-4f73-be4e-5a3ae43fa537}*SharedItemsImports = 13
	EndGlobalSection
	GlobalSection(SolutionConfigurationPlatforms) = preSolution
		Ad-Hoc|Any CPU = Ad-Hoc|Any CPU
		Ad-Hoc|ARM = Ad-Hoc|ARM
		Ad-Hoc|iPhone = Ad-Hoc|iPhone
		Ad-Hoc|iPhoneSimulator = Ad-Hoc|iPhoneSimulator
		Ad-Hoc|x64 = Ad-Hoc|x64
		Ad-Hoc|x86 = Ad-Hoc|x86
		AppStore|Any CPU = AppStore|Any CPU
		AppStore|ARM = AppStore|ARM
		AppStore|iPhone = AppStore|iPhone
		AppStore|iPhoneSimulator = AppStore|iPhoneSimulator
		AppStore|x64 = AppStore|x64
		AppStore|x86 = AppStore|x86
		Debug|Any CPU = Debug|Any CPU
		Debug|ARM = Debug|ARM
		Debug|iPhone = Debug|iPhone
		Debug|iPhoneSimulator = Debug|iPhoneSimulator
		Debug|x64 = Debug|x64
		Debug|x86 = Debug|x86
		Release|Any CPU = Release|Any CPU
		Release|ARM = Release|ARM
		Release|iPhone = Release|iPhone
		Release|iPhoneSimulator = Release|iPhoneSimulator
		Release|x64 = Release|x64
		Release|x86 = Release|x86
	EndGlobalSection
	GlobalSection(ProjectConfigurationPlatforms) = postSolution
		{A99BEEBD-33D4-4EAC-B072-E37E4E8DB68E}.Ad-Hoc|Any CPU.ActiveCfg = Release|Any CPU
		{A99BEEBD-33D4-4EAC-B072-E37E4E8DB68E}.Ad-Hoc|Any CPU.Build.0 = Release|Any CPU
		{A99BEEBD-33D4-4EAC-B072-E37E4E8DB68E}.Ad-Hoc|Any CPU.Deploy.0 = Release|Any CPU
		{A99BEEBD-33D4-4EAC-B072-E37E4E8DB68E}.Ad-Hoc|ARM.ActiveCfg = Release|Any CPU
		{A99BEEBD-33D4-4EAC-B072-E37E4E8DB68E}.Ad-Hoc|ARM.Build.0 = Release|Any CPU
		{A99BEEBD-33D4-4EAC-B072-E37E4E8DB68E}.Ad-Hoc|ARM.Deploy.0 = Release|Any CPU
		{A99BEEBD-33D4-4EAC-B072-E37E4E8DB68E}.Ad-Hoc|iPhone.ActiveCfg = Release|Any CPU
		{A99BEEBD-33D4-4EAC-B072-E37E4E8DB68E}.Ad-Hoc|iPhone.Build.0 = Release|Any CPU
		{A99BEEBD-33D4-4EAC-B072-E37E4E8DB68E}.Ad-Hoc|iPhone.Deploy.0 = Release|Any CPU
		{A99BEEBD-33D4-4EAC-B072-E37E4E8DB68E}.Ad-Hoc|iPhoneSimulator.ActiveCfg = Release|Any CPU
		{A99BEEBD-33D4-4EAC-B072-E37E4E8DB68E}.Ad-Hoc|iPhoneSimulator.Build.0 = Release|Any CPU
		{A99BEEBD-33D4-4EAC-B072-E37E4E8DB68E}.Ad-Hoc|iPhoneSimulator.Deploy.0 = Release|Any CPU
		{A99BEEBD-33D4-4EAC-B072-E37E4E8DB68E}.Ad-Hoc|x64.ActiveCfg = Release|Any CPU
		{A99BEEBD-33D4-4EAC-B072-E37E4E8DB68E}.Ad-Hoc|x64.Build.0 = Release|Any CPU
		{A99BEEBD-33D4-4EAC-B072-E37E4E8DB68E}.Ad-Hoc|x64.Deploy.0 = Release|Any CPU
		{A99BEEBD-33D4-4EAC-B072-E37E4E8DB68E}.Ad-Hoc|x86.ActiveCfg = Release|Any CPU
		{A99BEEBD-33D4-4EAC-B072-E37E4E8DB68E}.Ad-Hoc|x86.Build.0 = Release|Any CPU
		{A99BEEBD-33D4-4EAC-B072-E37E4E8DB68E}.Ad-Hoc|x86.Deploy.0 = Release|Any CPU
		{A99BEEBD-33D4-4EAC-B072-E37E4E8DB68E}.AppStore|Any CPU.ActiveCfg = Release|Any CPU
		{A99BEEBD-33D4-4EAC-B072-E37E4E8DB68E}.AppStore|Any CPU.Build.0 = Release|Any CPU
		{A99BEEBD-33D4-4EAC-B072-E37E4E8DB68E}.AppStore|Any CPU.Deploy.0 = Release|Any CPU
		{A99BEEBD-33D4-4EAC-B072-E37E4E8DB68E}.AppStore|ARM.ActiveCfg = Release|Any CPU
		{A99BEEBD-33D4-4EAC-B072-E37E4E8DB68E}.AppStore|ARM.Build.0 = Release|Any CPU
		{A99BEEBD-33D4-4EAC-B072-E37E4E8DB68E}.AppStore|ARM.Deploy.0 = Release|Any CPU
		{A99BEEBD-33D4-4EAC-B072-E37E4E8DB68E}.AppStore|iPhone.ActiveCfg = Release|Any CPU
		{A99BEEBD-33D4-4EAC-B072-E37E4E8DB68E}.AppStore|iPhone.Build.0 = Release|Any CPU
		{A99BEEBD-33D4-4EAC-B072-E37E4E8DB68E}.AppStore|iPhone.Deploy.0 = Release|Any CPU
		{A99BEEBD-33D4-4EAC-B072-E37E4E8DB68E}.AppStore|iPhoneSimulator.ActiveCfg = Release|Any CPU
		{A99BEEBD-33D4-4EAC-B072-E37E4E8DB68E}.AppStore|iPhoneSimulator.Build.0 = Release|Any CPU
		{A99BEEBD-33D4-4EAC-B072-E37E4E8DB68E}.AppStore|iPhoneSimulator.Deploy.0 = Release|Any CPU
		{A99BEEBD-33D4-4EAC-B072-E37E4E8DB68E}.AppStore|x64.ActiveCfg = Release|Any CPU
		{A99BEEBD-33D4-4EAC-B072-E37E4E8DB68E}.AppStore|x64.Build.0 = Release|Any CPU
		{A99BEEBD-33D4-4EAC-B072-E37E4E8DB68E}.AppStore|x64.Deploy.0 = Release|Any CPU
		{A99BEEBD-33D4-4EAC-B072-E37E4E8DB68E}.AppStore|x86.ActiveCfg = Release|Any CPU
		{A99BEEBD-33D4-4EAC-B072-E37E4E8DB68E}.AppStore|x86.Build.0 = Release|Any CPU
		{A99BEEBD-33D4-4EAC-B072-E37E4E8DB68E}.AppStore|x86.Deploy.0 = Release|Any CPU
		{A99BEEBD-33D4-4EAC-B072-E37E4E8DB68E}.Debug|Any CPU.ActiveCfg = Debug|Any CPU
		{A99BEEBD-33D4-4EAC-B072-E37E4E8DB68E}.Debug|Any CPU.Build.0 = Debug|Any CPU
		{A99BEEBD-33D4-4EAC-B072-E37E4E8DB68E}.Debug|Any CPU.Deploy.0 = Debug|Any CPU
		{A99BEEBD-33D4-4EAC-B072-E37E4E8DB68E}.Debug|ARM.ActiveCfg = Debug|Any CPU
		{A99BEEBD-33D4-4EAC-B072-E37E4E8DB68E}.Debug|ARM.Build.0 = Debug|Any CPU
		{A99BEEBD-33D4-4EAC-B072-E37E4E8DB68E}.Debug|ARM.Deploy.0 = Debug|Any CPU
		{A99BEEBD-33D4-4EAC-B072-E37E4E8DB68E}.Debug|iPhone.ActiveCfg = Debug|Any CPU
		{A99BEEBD-33D4-4EAC-B072-E37E4E8DB68E}.Debug|iPhone.Build.0 = Debug|Any CPU
		{A99BEEBD-33D4-4EAC-B072-E37E4E8DB68E}.Debug|iPhone.Deploy.0 = Debug|Any CPU
		{A99BEEBD-33D4-4EAC-B072-E37E4E8DB68E}.Debug|iPhoneSimulator.ActiveCfg = Debug|Any CPU
		{A99BEEBD-33D4-4EAC-B072-E37E4E8DB68E}.Debug|iPhoneSimulator.Build.0 = Debug|Any CPU
		{A99BEEBD-33D4-4EAC-B072-E37E4E8DB68E}.Debug|iPhoneSimulator.Deploy.0 = Debug|Any CPU
		{A99BEEBD-33D4-4EAC-B072-E37E4E8DB68E}.Debug|x64.ActiveCfg = Debug|Any CPU
		{A99BEEBD-33D4-4EAC-B072-E37E4E8DB68E}.Debug|x64.Build.0 = Debug|Any CPU
		{A99BEEBD-33D4-4EAC-B072-E37E4E8DB68E}.Debug|x64.Deploy.0 = Debug|Any CPU
		{A99BEEBD-33D4-4EAC-B072-E37E4E8DB68E}.Debug|x86.ActiveCfg = Debug|Any CPU
		{A99BEEBD-33D4-4EAC-B072-E37E4E8DB68E}.Debug|x86.Build.0 = Debug|Any CPU
		{A99BEEBD-33D4-4EAC-B072-E37E4E8DB68E}.Debug|x86.Deploy.0 = Debug|Any CPU
		{A99BEEBD-33D4-4EAC-B072-E37E4E8DB68E}.Release|Any CPU.ActiveCfg = Release|Any CPU
		{A99BEEBD-33D4-4EAC-B072-E37E4E8DB68E}.Release|Any CPU.Build.0 = Release|Any CPU
		{A99BEEBD-33D4-4EAC-B072-E37E4E8DB68E}.Release|Any CPU.Deploy.0 = Release|Any CPU
		{A99BEEBD-33D4-4EAC-B072-E37E4E8DB68E}.Release|ARM.ActiveCfg = Release|Any CPU
		{A99BEEBD-33D4-4EAC-B072-E37E4E8DB68E}.Release|ARM.Build.0 = Release|Any CPU
		{A99BEEBD-33D4-4EAC-B072-E37E4E8DB68E}.Release|ARM.Deploy.0 = Release|Any CPU
		{A99BEEBD-33D4-4EAC-B072-E37E4E8DB68E}.Release|iPhone.ActiveCfg = Release|Any CPU
		{A99BEEBD-33D4-4EAC-B072-E37E4E8DB68E}.Release|iPhone.Build.0 = Release|Any CPU
		{A99BEEBD-33D4-4EAC-B072-E37E4E8DB68E}.Release|iPhone.Deploy.0 = Release|Any CPU
		{A99BEEBD-33D4-4EAC-B072-E37E4E8DB68E}.Release|iPhoneSimulator.ActiveCfg = Release|Any CPU
		{A99BEEBD-33D4-4EAC-B072-E37E4E8DB68E}.Release|iPhoneSimulator.Build.0 = Release|Any CPU
		{A99BEEBD-33D4-4EAC-B072-E37E4E8DB68E}.Release|iPhoneSimulator.Deploy.0 = Release|Any CPU
		{A99BEEBD-33D4-4EAC-B072-E37E4E8DB68E}.Release|x64.ActiveCfg = Release|Any CPU
		{A99BEEBD-33D4-4EAC-B072-E37E4E8DB68E}.Release|x64.Build.0 = Release|Any CPU
		{A99BEEBD-33D4-4EAC-B072-E37E4E8DB68E}.Release|x64.Deploy.0 = Release|Any CPU
		{A99BEEBD-33D4-4EAC-B072-E37E4E8DB68E}.Release|x86.ActiveCfg = Release|Any CPU
		{A99BEEBD-33D4-4EAC-B072-E37E4E8DB68E}.Release|x86.Build.0 = Release|Any CPU
		{A99BEEBD-33D4-4EAC-B072-E37E4E8DB68E}.Release|x86.Deploy.0 = Release|Any CPU
		{97F3E4BB-0E13-4170-A92D-D42F877D764B}.Ad-Hoc|Any CPU.ActiveCfg = Ad-Hoc|iPhone
		{97F3E4BB-0E13-4170-A92D-D42F877D764B}.Ad-Hoc|ARM.ActiveCfg = Ad-Hoc|iPhone
		{97F3E4BB-0E13-4170-A92D-D42F877D764B}.Ad-Hoc|iPhone.ActiveCfg = Ad-Hoc|iPhone
		{97F3E4BB-0E13-4170-A92D-D42F877D764B}.Ad-Hoc|iPhone.Build.0 = Ad-Hoc|iPhone
		{97F3E4BB-0E13-4170-A92D-D42F877D764B}.Ad-Hoc|iPhoneSimulator.ActiveCfg = Ad-Hoc|iPhoneSimulator
		{97F3E4BB-0E13-4170-A92D-D42F877D764B}.Ad-Hoc|iPhoneSimulator.Build.0 = Ad-Hoc|iPhoneSimulator
		{97F3E4BB-0E13-4170-A92D-D42F877D764B}.Ad-Hoc|x64.ActiveCfg = Ad-Hoc|iPhone
		{97F3E4BB-0E13-4170-A92D-D42F877D764B}.Ad-Hoc|x86.ActiveCfg = Ad-Hoc|iPhone
		{97F3E4BB-0E13-4170-A92D-D42F877D764B}.AppStore|Any CPU.ActiveCfg = AppStore|iPhone
		{97F3E4BB-0E13-4170-A92D-D42F877D764B}.AppStore|ARM.ActiveCfg = AppStore|iPhone
		{97F3E4BB-0E13-4170-A92D-D42F877D764B}.AppStore|iPhone.ActiveCfg = AppStore|iPhone
		{97F3E4BB-0E13-4170-A92D-D42F877D764B}.AppStore|iPhone.Build.0 = AppStore|iPhone
		{97F3E4BB-0E13-4170-A92D-D42F877D764B}.AppStore|iPhoneSimulator.ActiveCfg = AppStore|iPhoneSimulator
		{97F3E4BB-0E13-4170-A92D-D42F877D764B}.AppStore|iPhoneSimulator.Build.0 = AppStore|iPhoneSimulator
		{97F3E4BB-0E13-4170-A92D-D42F877D764B}.AppStore|x64.ActiveCfg = AppStore|iPhone
		{97F3E4BB-0E13-4170-A92D-D42F877D764B}.AppStore|x86.ActiveCfg = AppStore|iPhone
		{97F3E4BB-0E13-4170-A92D-D42F877D764B}.Debug|Any CPU.ActiveCfg = Debug|iPhone
		{97F3E4BB-0E13-4170-A92D-D42F877D764B}.Debug|ARM.ActiveCfg = Debug|iPhone
		{97F3E4BB-0E13-4170-A92D-D42F877D764B}.Debug|iPhone.ActiveCfg = Debug|iPhone
		{97F3E4BB-0E13-4170-A92D-D42F877D764B}.Debug|iPhone.Build.0 = Debug|iPhone
		{97F3E4BB-0E13-4170-A92D-D42F877D764B}.Debug|iPhoneSimulator.ActiveCfg = Debug|iPhoneSimulator
		{97F3E4BB-0E13-4170-A92D-D42F877D764B}.Debug|iPhoneSimulator.Build.0 = Debug|iPhoneSimulator
		{97F3E4BB-0E13-4170-A92D-D42F877D764B}.Debug|x64.ActiveCfg = Debug|iPhone
		{97F3E4BB-0E13-4170-A92D-D42F877D764B}.Debug|x86.ActiveCfg = Debug|iPhone
		{97F3E4BB-0E13-4170-A92D-D42F877D764B}.Release|Any CPU.ActiveCfg = Release|iPhone
		{97F3E4BB-0E13-4170-A92D-D42F877D764B}.Release|ARM.ActiveCfg = Release|iPhone
		{97F3E4BB-0E13-4170-A92D-D42F877D764B}.Release|iPhone.ActiveCfg = Release|iPhone
		{97F3E4BB-0E13-4170-A92D-D42F877D764B}.Release|iPhone.Build.0 = Release|iPhone
		{97F3E4BB-0E13-4170-A92D-D42F877D764B}.Release|iPhoneSimulator.ActiveCfg = Release|iPhoneSimulator
		{97F3E4BB-0E13-4170-A92D-D42F877D764B}.Release|iPhoneSimulator.Build.0 = Release|iPhoneSimulator
		{97F3E4BB-0E13-4170-A92D-D42F877D764B}.Release|x64.ActiveCfg = Release|iPhone
		{97F3E4BB-0E13-4170-A92D-D42F877D764B}.Release|x86.ActiveCfg = Release|iPhone
		{BEA6A555-DBA8-4947-BDBF-89210387DEEF}.Ad-Hoc|Any CPU.ActiveCfg = Release|Any CPU
		{BEA6A555-DBA8-4947-BDBF-89210387DEEF}.Ad-Hoc|Any CPU.Build.0 = Release|Any CPU
		{BEA6A555-DBA8-4947-BDBF-89210387DEEF}.Ad-Hoc|ARM.ActiveCfg = Release|Any CPU
		{BEA6A555-DBA8-4947-BDBF-89210387DEEF}.Ad-Hoc|ARM.Build.0 = Release|Any CPU
		{BEA6A555-DBA8-4947-BDBF-89210387DEEF}.Ad-Hoc|iPhone.ActiveCfg = Release|Any CPU
		{BEA6A555-DBA8-4947-BDBF-89210387DEEF}.Ad-Hoc|iPhone.Build.0 = Release|Any CPU
		{BEA6A555-DBA8-4947-BDBF-89210387DEEF}.Ad-Hoc|iPhoneSimulator.ActiveCfg = Release|Any CPU
		{BEA6A555-DBA8-4947-BDBF-89210387DEEF}.Ad-Hoc|iPhoneSimulator.Build.0 = Release|Any CPU
		{BEA6A555-DBA8-4947-BDBF-89210387DEEF}.Ad-Hoc|x64.ActiveCfg = Release|Any CPU
		{BEA6A555-DBA8-4947-BDBF-89210387DEEF}.Ad-Hoc|x64.Build.0 = Release|Any CPU
		{BEA6A555-DBA8-4947-BDBF-89210387DEEF}.Ad-Hoc|x86.ActiveCfg = Release|Any CPU
		{BEA6A555-DBA8-4947-BDBF-89210387DEEF}.Ad-Hoc|x86.Build.0 = Release|Any CPU
		{BEA6A555-DBA8-4947-BDBF-89210387DEEF}.AppStore|Any CPU.ActiveCfg = Release|Any CPU
		{BEA6A555-DBA8-4947-BDBF-89210387DEEF}.AppStore|Any CPU.Build.0 = Release|Any CPU
		{BEA6A555-DBA8-4947-BDBF-89210387DEEF}.AppStore|ARM.ActiveCfg = Release|Any CPU
		{BEA6A555-DBA8-4947-BDBF-89210387DEEF}.AppStore|ARM.Build.0 = Release|Any CPU
		{BEA6A555-DBA8-4947-BDBF-89210387DEEF}.AppStore|iPhone.ActiveCfg = Release|Any CPU
		{BEA6A555-DBA8-4947-BDBF-89210387DEEF}.AppStore|iPhone.Build.0 = Release|Any CPU
		{BEA6A555-DBA8-4947-BDBF-89210387DEEF}.AppStore|iPhoneSimulator.ActiveCfg = Release|Any CPU
		{BEA6A555-DBA8-4947-BDBF-89210387DEEF}.AppStore|iPhoneSimulator.Build.0 = Release|Any CPU
		{BEA6A555-DBA8-4947-BDBF-89210387DEEF}.AppStore|x64.ActiveCfg = Release|Any CPU
		{BEA6A555-DBA8-4947-BDBF-89210387DEEF}.AppStore|x64.Build.0 = Release|Any CPU
		{BEA6A555-DBA8-4947-BDBF-89210387DEEF}.AppStore|x86.ActiveCfg = Release|Any CPU
		{BEA6A555-DBA8-4947-BDBF-89210387DEEF}.AppStore|x86.Build.0 = Release|Any CPU
		{BEA6A555-DBA8-4947-BDBF-89210387DEEF}.Debug|Any CPU.ActiveCfg = Debug|Any CPU
		{BEA6A555-DBA8-4947-BDBF-89210387DEEF}.Debug|Any CPU.Build.0 = Debug|Any CPU
		{BEA6A555-DBA8-4947-BDBF-89210387DEEF}.Debug|ARM.ActiveCfg = Debug|Any CPU
		{BEA6A555-DBA8-4947-BDBF-89210387DEEF}.Debug|ARM.Build.0 = Debug|Any CPU
		{BEA6A555-DBA8-4947-BDBF-89210387DEEF}.Debug|iPhone.ActiveCfg = Debug|Any CPU
		{BEA6A555-DBA8-4947-BDBF-89210387DEEF}.Debug|iPhone.Build.0 = Debug|Any CPU
		{BEA6A555-DBA8-4947-BDBF-89210387DEEF}.Debug|iPhoneSimulator.ActiveCfg = Debug|Any CPU
		{BEA6A555-DBA8-4947-BDBF-89210387DEEF}.Debug|iPhoneSimulator.Build.0 = Debug|Any CPU
		{BEA6A555-DBA8-4947-BDBF-89210387DEEF}.Debug|x64.ActiveCfg = Debug|Any CPU
		{BEA6A555-DBA8-4947-BDBF-89210387DEEF}.Debug|x64.Build.0 = Debug|Any CPU
		{BEA6A555-DBA8-4947-BDBF-89210387DEEF}.Debug|x86.ActiveCfg = Debug|Any CPU
		{BEA6A555-DBA8-4947-BDBF-89210387DEEF}.Debug|x86.Build.0 = Debug|Any CPU
		{BEA6A555-DBA8-4947-BDBF-89210387DEEF}.Release|Any CPU.ActiveCfg = Release|Any CPU
		{BEA6A555-DBA8-4947-BDBF-89210387DEEF}.Release|Any CPU.Build.0 = Release|Any CPU
		{BEA6A555-DBA8-4947-BDBF-89210387DEEF}.Release|ARM.ActiveCfg = Release|Any CPU
		{BEA6A555-DBA8-4947-BDBF-89210387DEEF}.Release|ARM.Build.0 = Release|Any CPU
		{BEA6A555-DBA8-4947-BDBF-89210387DEEF}.Release|iPhone.ActiveCfg = Release|Any CPU
		{BEA6A555-DBA8-4947-BDBF-89210387DEEF}.Release|iPhone.Build.0 = Release|Any CPU
		{BEA6A555-DBA8-4947-BDBF-89210387DEEF}.Release|iPhoneSimulator.ActiveCfg = Release|Any CPU
		{BEA6A555-DBA8-4947-BDBF-89210387DEEF}.Release|iPhoneSimulator.Build.0 = Release|Any CPU
		{BEA6A555-DBA8-4947-BDBF-89210387DEEF}.Release|x64.ActiveCfg = Release|Any CPU
		{BEA6A555-DBA8-4947-BDBF-89210387DEEF}.Release|x64.Build.0 = Release|Any CPU
		{BEA6A555-DBA8-4947-BDBF-89210387DEEF}.Release|x86.ActiveCfg = Release|Any CPU
		{BEA6A555-DBA8-4947-BDBF-89210387DEEF}.Release|x86.Build.0 = Release|Any CPU
	EndGlobalSection
	GlobalSection(SolutionProperties) = preSolution
		HideSolutionNode = FALSE
	EndGlobalSection
	GlobalSection(ExtensibilityGlobals) = postSolution
		SolutionGuid = {27CA52AE-DC2E-4346-A802-9F3E3BBF0A34}
	EndGlobalSection
EndGlobal
